// !$*UTF8*$!
{
	archiveVersion = 1;
	classes = {
	};
	objectVersion = 48;
	objects = {

/* Begin PBXBuildFile section */
		3E3FE53B20A9BADC000C3783 /* ApplicationRouter.swift in Sources */ = {isa = PBXBuildFile; fileRef = 3E3FE53A20A9BADC000C3783 /* ApplicationRouter.swift */; };
		3E3FE54020B00CAA000C3783 /* WireframeType.swift in Sources */ = {isa = PBXBuildFile; fileRef = 3E3FE53F20B00CAA000C3783 /* WireframeType.swift */; };
		3E3FE57D20B433AB000C3783 /* PaymentsStoryboard.storyboard in Resources */ = {isa = PBXBuildFile; fileRef = 3E3FE57C20B433AB000C3783 /* PaymentsStoryboard.storyboard */; };
		3E3FE57F20B44DF2000C3783 /* PaymentsViewController.swift in Sources */ = {isa = PBXBuildFile; fileRef = 3E3FE57E20B44DF2000C3783 /* PaymentsViewController.swift */; };
		3E3FE58320B45399000C3783 /* VCExtensions.swift in Sources */ = {isa = PBXBuildFile; fileRef = 3E3FE58220B45399000C3783 /* VCExtensions.swift */; };
		3E5987702061879F0024F7F7 /* AppDelegate.swift in Sources */ = {isa = PBXBuildFile; fileRef = 3E59876F2061879F0024F7F7 /* AppDelegate.swift */; };
		3E5987722061879F0024F7F7 /* ViewController.swift in Sources */ = {isa = PBXBuildFile; fileRef = 3E5987712061879F0024F7F7 /* ViewController.swift */; };
		3E5987752061879F0024F7F7 /* Main.storyboard in Resources */ = {isa = PBXBuildFile; fileRef = 3E5987732061879F0024F7F7 /* Main.storyboard */; };
		3E5987772061879F0024F7F7 /* Assets.xcassets in Resources */ = {isa = PBXBuildFile; fileRef = 3E5987762061879F0024F7F7 /* Assets.xcassets */; };
		3E59877A2061879F0024F7F7 /* LaunchScreen.storyboard in Resources */ = {isa = PBXBuildFile; fileRef = 3E5987782061879F0024F7F7 /* LaunchScreen.storyboard */; };
		3E5987852061879F0024F7F7 /* APIClientArchitectureDemoTests.swift in Sources */ = {isa = PBXBuildFile; fileRef = 3E5987842061879F0024F7F7 /* APIClientArchitectureDemoTests.swift */; };
		3E5987902061879F0024F7F7 /* APIClientArchitectureDemoUITests.swift in Sources */ = {isa = PBXBuildFile; fileRef = 3E59878F2061879F0024F7F7 /* APIClientArchitectureDemoUITests.swift */; };
		3E5987A52061889B0024F7F7 /* Module.swift in Sources */ = {isa = PBXBuildFile; fileRef = 3E5987A42061889B0024F7F7 /* Module.swift */; };
		3E6F83E12065756F004AF262 /* URLExtensions.swift in Sources */ = {isa = PBXBuildFile; fileRef = 3E6F83E02065756F004AF262 /* URLExtensions.swift */; };
		3E6F83E32066AA6E004AF262 /* Bundle.swift in Sources */ = {isa = PBXBuildFile; fileRef = 3E6F83E22066AA6E004AF262 /* Bundle.swift */; };
		3E6F83E52068C5D3004AF262 /* PaymentsModule.swift in Sources */ = {isa = PBXBuildFile; fileRef = 3E6F83E42068C5D3004AF262 /* PaymentsModule.swift */; };
		3E6F83E7206958F7004AF262 /* NetworkService.swift in Sources */ = {isa = PBXBuildFile; fileRef = 3E6F83E6206958F7004AF262 /* NetworkService.swift */; };
		CC281D8B20E284D700CE2673 /* PaymentsInteractor.swift in Sources */ = {isa = PBXBuildFile; fileRef = CC281D8A20E284D700CE2673 /* PaymentsInteractor.swift */; };
		CC281D8F20E3935C00CE2673 /* WeakContainer.swift in Sources */ = {isa = PBXBuildFile; fileRef = CC281D8E20E3935C00CE2673 /* WeakContainer.swift */; };
		CC281D9120E4C9CF00CE2673 /* ApplicationServices.swift in Sources */ = {isa = PBXBuildFile; fileRef = CC281D9020E4C9CF00CE2673 /* ApplicationServices.swift */; };
		CC281D9320E524C300CE2673 /* PaymentsPresenter.swift in Sources */ = {isa = PBXBuildFile; fileRef = CC281D9220E524C300CE2673 /* PaymentsPresenter.swift */; };
		CC281D9F20E6428400CE2673 /* PaymentsWireframe.swift in Sources */ = {isa = PBXBuildFile; fileRef = CC281D9E20E6428400CE2673 /* PaymentsWireframe.swift */; };
		CC3CD3CE21A3EB5100C582D7 /* ApplicationServiceParserTests.swift in Sources */ = {isa = PBXBuildFile; fileRef = CC3CD3CD21A3EB5100C582D7 /* ApplicationServiceParserTests.swift */; };
		CC3CD3D021A44E3A00C582D7 /* ApplicationServiceTests.swift in Sources */ = {isa = PBXBuildFile; fileRef = CC3CD3CF21A44E3A00C582D7 /* ApplicationServiceTests.swift */; };
		CC3CD3D221A4510E00C582D7 /* MockPayUseCase.json in Resources */ = {isa = PBXBuildFile; fileRef = CC3CD3D121A4510E00C582D7 /* MockPayUseCase.json */; };
		CC42FC1E210B07F500E80907 /* DashboardStoryboard.storyboard in Resources */ = {isa = PBXBuildFile; fileRef = CC42FC1D210B07F500E80907 /* DashboardStoryboard.storyboard */; };
		CC42FC20210B11DA00E80907 /* DashboardModule.swift in Sources */ = {isa = PBXBuildFile; fileRef = CC42FC1F210B11DA00E80907 /* DashboardModule.swift */; };
		CC42FC22210B11ED00E80907 /* DashboardViewController.swift in Sources */ = {isa = PBXBuildFile; fileRef = CC42FC21210B11ED00E80907 /* DashboardViewController.swift */; };
		CC42FC24210B123500E80907 /* LastPaymentsViewController.swift in Sources */ = {isa = PBXBuildFile; fileRef = CC42FC23210B123500E80907 /* LastPaymentsViewController.swift */; };
		CC42FC26210B12B800E80907 /* DashboardPresenter.swift in Sources */ = {isa = PBXBuildFile; fileRef = CC42FC25210B12B800E80907 /* DashboardPresenter.swift */; };
		CC42FC28210B13A500E80907 /* DashboardWireframe.swift in Sources */ = {isa = PBXBuildFile; fileRef = CC42FC27210B13A500E80907 /* DashboardWireframe.swift */; };
		CC42FC2A210B15E300E80907 /* DashboardInteractor.swift in Sources */ = {isa = PBXBuildFile; fileRef = CC42FC29210B15E300E80907 /* DashboardInteractor.swift */; };
		CC42FC2E210B5DA300E80907 /* DashboardPayment.swift in Sources */ = {isa = PBXBuildFile; fileRef = CC42FC2D210B5DA300E80907 /* DashboardPayment.swift */; };
		CC42FC30210B5E8800E80907 /* Payments.json in Resources */ = {isa = PBXBuildFile; fileRef = CC42FC2F210B5E8800E80907 /* Payments.json */; };
		CC42FC32210F155700E80907 /* TopHighlights.json in Resources */ = {isa = PBXBuildFile; fileRef = CC42FC31210F155700E80907 /* TopHighlights.json */; };
		CC42FC34210F1CA300E80907 /* TopHighlight.swift in Sources */ = {isa = PBXBuildFile; fileRef = CC42FC33210F1CA300E80907 /* TopHighlight.swift */; };
		CC42FC36210F56F100E80907 /* TopHighlightView.xib in Resources */ = {isa = PBXBuildFile; fileRef = CC42FC35210F56F100E80907 /* TopHighlightView.xib */; };
		CC42FC38210F570800E80907 /* TopHighlightView.swift in Sources */ = {isa = PBXBuildFile; fileRef = CC42FC37210F570800E80907 /* TopHighlightView.swift */; };
		CC42FC3C2110546400E80907 /* DashboardMedia.xcassets in Resources */ = {isa = PBXBuildFile; fileRef = CC42FC3B2110546400E80907 /* DashboardMedia.xcassets */; };
		CC42FC3E211066EB00E80907 /* TopHighlightViewModel.swift in Sources */ = {isa = PBXBuildFile; fileRef = CC42FC3D211066EB00E80907 /* TopHighlightViewModel.swift */; };
		CC42FC40211079DC00E80907 /* TopHighlightsSectionView.swift in Sources */ = {isa = PBXBuildFile; fileRef = CC42FC3F211079DC00E80907 /* TopHighlightsSectionView.swift */; };
		CC42FC4221108EC800E80907 /* UIViewExtensions.swift in Sources */ = {isa = PBXBuildFile; fileRef = CC42FC4121108EC800E80907 /* UIViewExtensions.swift */; };
		CC42FC44211197DB00E80907 /* TopHighlightsSectionViewModel.swift in Sources */ = {isa = PBXBuildFile; fileRef = CC42FC43211197DB00E80907 /* TopHighlightsSectionViewModel.swift */; };
		CC42FC462112EC5B00E80907 /* DashboardPaymentViewModel.swift in Sources */ = {isa = PBXBuildFile; fileRef = CC42FC452112EC5B00E80907 /* DashboardPaymentViewModel.swift */; };
		CC42FC482112FC2500E80907 /* DashboardPaymentCell.swift in Sources */ = {isa = PBXBuildFile; fileRef = CC42FC472112FC2500E80907 /* DashboardPaymentCell.swift */; };
		CC42FC4A21144ECE00E80907 /* PaymentDetailViewController.swift in Sources */ = {isa = PBXBuildFile; fileRef = CC42FC4921144ECE00E80907 /* PaymentDetailViewController.swift */; };
		CC42FC4F211845D200E80907 /* DashboardInteractorTests.swift in Sources */ = {isa = PBXBuildFile; fileRef = CC42FC4E211845D200E80907 /* DashboardInteractorTests.swift */; };
		CC42FC5121184B8E00E80907 /* DashboardModuleTests.swift in Sources */ = {isa = PBXBuildFile; fileRef = CC42FC5021184B8E00E80907 /* DashboardModuleTests.swift */; };
		CC42FC5321184D1400E80907 /* DashboardPaymentTests.swift in Sources */ = {isa = PBXBuildFile; fileRef = CC42FC5221184D1400E80907 /* DashboardPaymentTests.swift */; };
		CC42FC5521184D8D00E80907 /* Full3Payments.json in Resources */ = {isa = PBXBuildFile; fileRef = CC42FC5421184D8D00E80907 /* Full3Payments.json */; };
		CC42FC5721184DDA00E80907 /* BadJsonPayment.json in Resources */ = {isa = PBXBuildFile; fileRef = CC42FC5621184DDA00E80907 /* BadJsonPayment.json */; };
		CC42FC5921184E3600E80907 /* IDMissingJsonPayment.json in Resources */ = {isa = PBXBuildFile; fileRef = CC42FC5821184E3600E80907 /* IDMissingJsonPayment.json */; };
		CC42FC5B21185EC600E80907 /* TopHighlightTests.swift in Sources */ = {isa = PBXBuildFile; fileRef = CC42FC5A21185EC600E80907 /* TopHighlightTests.swift */; };
		CC42FC5D21185F2900E80907 /* Full2TopHighlights.json in Resources */ = {isa = PBXBuildFile; fileRef = CC42FC5C21185F2900E80907 /* Full2TopHighlights.json */; };
		CC42FC5F21185F6000E80907 /* BadJsonTopHighlights.json in Resources */ = {isa = PBXBuildFile; fileRef = CC42FC5E21185F6000E80907 /* BadJsonTopHighlights.json */; };
		CC42FC6121185F9A00E80907 /* TypeMissingJsonTopHighlights.json in Resources */ = {isa = PBXBuildFile; fileRef = CC42FC6021185F9A00E80907 /* TypeMissingJsonTopHighlights.json */; };
		CC42FC642118695F00E80907 /* TopHighlightViewModelTests.swift in Sources */ = {isa = PBXBuildFile; fileRef = CC42FC632118695F00E80907 /* TopHighlightViewModelTests.swift */; };
		CC42FC6621186E9B00E80907 /* TopHighlightsSectionViewModelTests.swift in Sources */ = {isa = PBXBuildFile; fileRef = CC42FC6521186E9B00E80907 /* TopHighlightsSectionViewModelTests.swift */; };
		CC42FC68211885E500E80907 /* DashboardPaymentViewModelTests.swift in Sources */ = {isa = PBXBuildFile; fileRef = CC42FC67211885E500E80907 /* DashboardPaymentViewModelTests.swift */; };
		CC42FC6A2118889300E80907 /* DashboardPresenterTests.swift in Sources */ = {isa = PBXBuildFile; fileRef = CC42FC692118889300E80907 /* DashboardPresenterTests.swift */; };
		CC42FC6C2118A35300E80907 /* DashboardViewControllerTests.swift in Sources */ = {isa = PBXBuildFile; fileRef = CC42FC6B2118A35300E80907 /* DashboardViewControllerTests.swift */; };
		CC42FCAA211DB68200E80907 /* DashboardPaymentCell.xib in Resources */ = {isa = PBXBuildFile; fileRef = CC42FCA9211DB68200E80907 /* DashboardPaymentCell.xib */; };
		CC42FCAD2121D55A00E80907 /* EventEmitter.swift in Sources */ = {isa = PBXBuildFile; fileRef = CC42FCAC2121D55A00E80907 /* EventEmitter.swift */; };
		CC42FCAF2121D88400E80907 /* DashboardEventEmitter.swift in Sources */ = {isa = PBXBuildFile; fileRef = CC42FCAE2121D88400E80907 /* DashboardEventEmitter.swift */; };
		CC63FA4F2196F079009DC43E /* Pay.swift in Sources */ = {isa = PBXBuildFile; fileRef = CC63FA4E2196F079009DC43E /* Pay.swift */; };
		CC63FA5121981B0F009DC43E /* Pay.json in Resources */ = {isa = PBXBuildFile; fileRef = CC63FA5021981B0F009DC43E /* Pay.json */; };
		CC858FC7213535B10047BE28 /* DashboardAnalytics.swift in Sources */ = {isa = PBXBuildFile; fileRef = CC858FC6213535B10047BE28 /* DashboardAnalytics.swift */; };
		CC90031321B5A2910066E770 /* Dashboard.swift in Sources */ = {isa = PBXBuildFile; fileRef = CC90031221B5A2910066E770 /* Dashboard.swift */; };
		CC90031521B5A2B20066E770 /* Dashboard.json in Resources */ = {isa = PBXBuildFile; fileRef = CC90031421B5A2B20066E770 /* Dashboard.json */; };
		CC90031C21B5CF5C0066E770 /* LoginPresenter.swift in Sources */ = {isa = PBXBuildFile; fileRef = CC90031721B5CF5C0066E770 /* LoginPresenter.swift */; };
		CC90031D21B5CF5C0066E770 /* LoginViewController.swift in Sources */ = {isa = PBXBuildFile; fileRef = CC90031821B5CF5C0066E770 /* LoginViewController.swift */; };
		CC90031E21B5CF5C0066E770 /* LoginWireframe.swift in Sources */ = {isa = PBXBuildFile; fileRef = CC90031921B5CF5C0066E770 /* LoginWireframe.swift */; };
		CC90031F21B5CF5C0066E770 /* LoginInteractor.swift in Sources */ = {isa = PBXBuildFile; fileRef = CC90031A21B5CF5C0066E770 /* LoginInteractor.swift */; };
		CC90032021B5CF5C0066E770 /* LoginModule.swift in Sources */ = {isa = PBXBuildFile; fileRef = CC90031B21B5CF5C0066E770 /* LoginModule.swift */; };
		CC90032221B5D28A0066E770 /* LoginStoryboard.storyboard in Resources */ = {isa = PBXBuildFile; fileRef = CC90032121B5D28A0066E770 /* LoginStoryboard.storyboard */; };
		CC90032421B5E20A0066E770 /* RefundSentViewController.swift in Sources */ = {isa = PBXBuildFile; fileRef = CC90032321B5E20A0066E770 /* RefundSentViewController.swift */; };
		CC90032821B5EA8B0066E770 /* Dashboard2.json in Resources */ = {isa = PBXBuildFile; fileRef = CC90032721B5EA8B0066E770 /* Dashboard2.json */; };
/* End PBXBuildFile section */

/* Begin PBXContainerItemProxy section */
		3E5987812061879F0024F7F7 /* PBXContainerItemProxy */ = {
			isa = PBXContainerItemProxy;
			containerPortal = 3E5987642061879F0024F7F7 /* Project object */;
			proxyType = 1;
			remoteGlobalIDString = 3E59876B2061879F0024F7F7;
			remoteInfo = APIClientArchitectureDemo;
		};
		3E59878C2061879F0024F7F7 /* PBXContainerItemProxy */ = {
			isa = PBXContainerItemProxy;
			containerPortal = 3E5987642061879F0024F7F7 /* Project object */;
			proxyType = 1;
			remoteGlobalIDString = 3E59876B2061879F0024F7F7;
			remoteInfo = APIClientArchitectureDemo;
		};
/* End PBXContainerItemProxy section */

/* Begin PBXFileReference section */
		3E3FE53A20A9BADC000C3783 /* ApplicationRouter.swift */ = {isa = PBXFileReference; lastKnownFileType = sourcecode.swift; path = ApplicationRouter.swift; sourceTree = "<group>"; };
		3E3FE53F20B00CAA000C3783 /* WireframeType.swift */ = {isa = PBXFileReference; lastKnownFileType = sourcecode.swift; path = WireframeType.swift; sourceTree = "<group>"; };
		3E3FE57C20B433AB000C3783 /* PaymentsStoryboard.storyboard */ = {isa = PBXFileReference; lastKnownFileType = file.storyboard; path = PaymentsStoryboard.storyboard; sourceTree = "<group>"; };
		3E3FE57E20B44DF2000C3783 /* PaymentsViewController.swift */ = {isa = PBXFileReference; lastKnownFileType = sourcecode.swift; path = PaymentsViewController.swift; sourceTree = "<group>"; };
		3E3FE58220B45399000C3783 /* VCExtensions.swift */ = {isa = PBXFileReference; lastKnownFileType = sourcecode.swift; path = VCExtensions.swift; sourceTree = "<group>"; };
		3E59876C2061879F0024F7F7 /* DynamicDataDrivenApp.app */ = {isa = PBXFileReference; explicitFileType = wrapper.application; includeInIndex = 0; path = DynamicDataDrivenApp.app; sourceTree = BUILT_PRODUCTS_DIR; };
		3E59876F2061879F0024F7F7 /* AppDelegate.swift */ = {isa = PBXFileReference; lastKnownFileType = sourcecode.swift; path = AppDelegate.swift; sourceTree = "<group>"; };
		3E5987712061879F0024F7F7 /* ViewController.swift */ = {isa = PBXFileReference; lastKnownFileType = sourcecode.swift; path = ViewController.swift; sourceTree = "<group>"; };
		3E5987742061879F0024F7F7 /* Base */ = {isa = PBXFileReference; lastKnownFileType = file.storyboard; name = Base; path = Base.lproj/Main.storyboard; sourceTree = "<group>"; };
		3E5987762061879F0024F7F7 /* Assets.xcassets */ = {isa = PBXFileReference; lastKnownFileType = folder.assetcatalog; path = Assets.xcassets; sourceTree = "<group>"; };
		3E5987792061879F0024F7F7 /* Base */ = {isa = PBXFileReference; lastKnownFileType = file.storyboard; name = Base; path = Base.lproj/LaunchScreen.storyboard; sourceTree = "<group>"; };
		3E59877B2061879F0024F7F7 /* Info.plist */ = {isa = PBXFileReference; lastKnownFileType = text.plist.xml; path = Info.plist; sourceTree = "<group>"; };
		3E5987802061879F0024F7F7 /* DynamicDataDrivenAppTests.xctest */ = {isa = PBXFileReference; explicitFileType = wrapper.cfbundle; includeInIndex = 0; path = DynamicDataDrivenAppTests.xctest; sourceTree = BUILT_PRODUCTS_DIR; };
		3E5987842061879F0024F7F7 /* APIClientArchitectureDemoTests.swift */ = {isa = PBXFileReference; lastKnownFileType = sourcecode.swift; path = APIClientArchitectureDemoTests.swift; sourceTree = "<group>"; };
		3E5987862061879F0024F7F7 /* Info.plist */ = {isa = PBXFileReference; lastKnownFileType = text.plist.xml; path = Info.plist; sourceTree = "<group>"; };
		3E59878B2061879F0024F7F7 /* DynamicDataDrivenAppUITests.xctest */ = {isa = PBXFileReference; explicitFileType = wrapper.cfbundle; includeInIndex = 0; path = DynamicDataDrivenAppUITests.xctest; sourceTree = BUILT_PRODUCTS_DIR; };
		3E59878F2061879F0024F7F7 /* APIClientArchitectureDemoUITests.swift */ = {isa = PBXFileReference; lastKnownFileType = sourcecode.swift; path = APIClientArchitectureDemoUITests.swift; sourceTree = "<group>"; };
		3E5987912061879F0024F7F7 /* Info.plist */ = {isa = PBXFileReference; lastKnownFileType = text.plist.xml; path = Info.plist; sourceTree = "<group>"; };
		3E5987A42061889B0024F7F7 /* Module.swift */ = {isa = PBXFileReference; fileEncoding = 4; lastKnownFileType = sourcecode.swift; path = Module.swift; sourceTree = "<group>"; };
		3E6F83E02065756F004AF262 /* URLExtensions.swift */ = {isa = PBXFileReference; fileEncoding = 4; lastKnownFileType = sourcecode.swift; path = URLExtensions.swift; sourceTree = "<group>"; };
		3E6F83E22066AA6E004AF262 /* Bundle.swift */ = {isa = PBXFileReference; fileEncoding = 4; lastKnownFileType = sourcecode.swift; path = Bundle.swift; sourceTree = "<group>"; };
		3E6F83E42068C5D3004AF262 /* PaymentsModule.swift */ = {isa = PBXFileReference; lastKnownFileType = sourcecode.swift; path = PaymentsModule.swift; sourceTree = "<group>"; };
		3E6F83E6206958F7004AF262 /* NetworkService.swift */ = {isa = PBXFileReference; lastKnownFileType = sourcecode.swift; path = NetworkService.swift; sourceTree = "<group>"; };
		CC281D8A20E284D700CE2673 /* PaymentsInteractor.swift */ = {isa = PBXFileReference; lastKnownFileType = sourcecode.swift; path = PaymentsInteractor.swift; sourceTree = "<group>"; };
		CC281D8E20E3935C00CE2673 /* WeakContainer.swift */ = {isa = PBXFileReference; lastKnownFileType = sourcecode.swift; path = WeakContainer.swift; sourceTree = "<group>"; };
		CC281D9020E4C9CF00CE2673 /* ApplicationServices.swift */ = {isa = PBXFileReference; lastKnownFileType = sourcecode.swift; path = ApplicationServices.swift; sourceTree = "<group>"; };
		CC281D9220E524C300CE2673 /* PaymentsPresenter.swift */ = {isa = PBXFileReference; lastKnownFileType = sourcecode.swift; path = PaymentsPresenter.swift; sourceTree = "<group>"; };
		CC281D9E20E6428400CE2673 /* PaymentsWireframe.swift */ = {isa = PBXFileReference; lastKnownFileType = sourcecode.swift; path = PaymentsWireframe.swift; sourceTree = "<group>"; };
		CC3CD3CD21A3EB5100C582D7 /* ApplicationServiceParserTests.swift */ = {isa = PBXFileReference; lastKnownFileType = sourcecode.swift; path = ApplicationServiceParserTests.swift; sourceTree = "<group>"; };
		CC3CD3CF21A44E3A00C582D7 /* ApplicationServiceTests.swift */ = {isa = PBXFileReference; lastKnownFileType = sourcecode.swift; path = ApplicationServiceTests.swift; sourceTree = "<group>"; };
		CC3CD3D121A4510E00C582D7 /* MockPayUseCase.json */ = {isa = PBXFileReference; fileEncoding = 4; lastKnownFileType = text.json; path = MockPayUseCase.json; sourceTree = "<group>"; };
		CC42FC1D210B07F500E80907 /* DashboardStoryboard.storyboard */ = {isa = PBXFileReference; lastKnownFileType = file.storyboard; path = DashboardStoryboard.storyboard; sourceTree = "<group>"; };
		CC42FC1F210B11DA00E80907 /* DashboardModule.swift */ = {isa = PBXFileReference; lastKnownFileType = sourcecode.swift; path = DashboardModule.swift; sourceTree = "<group>"; };
		CC42FC21210B11ED00E80907 /* DashboardViewController.swift */ = {isa = PBXFileReference; lastKnownFileType = sourcecode.swift; path = DashboardViewController.swift; sourceTree = "<group>"; };
		CC42FC23210B123500E80907 /* LastPaymentsViewController.swift */ = {isa = PBXFileReference; lastKnownFileType = sourcecode.swift; path = LastPaymentsViewController.swift; sourceTree = "<group>"; };
		CC42FC25210B12B800E80907 /* DashboardPresenter.swift */ = {isa = PBXFileReference; lastKnownFileType = sourcecode.swift; path = DashboardPresenter.swift; sourceTree = "<group>"; };
		CC42FC27210B13A500E80907 /* DashboardWireframe.swift */ = {isa = PBXFileReference; lastKnownFileType = sourcecode.swift; path = DashboardWireframe.swift; sourceTree = "<group>"; };
		CC42FC29210B15E300E80907 /* DashboardInteractor.swift */ = {isa = PBXFileReference; lastKnownFileType = sourcecode.swift; path = DashboardInteractor.swift; sourceTree = "<group>"; };
		CC42FC2D210B5DA300E80907 /* DashboardPayment.swift */ = {isa = PBXFileReference; fileEncoding = 4; lastKnownFileType = sourcecode.swift; path = DashboardPayment.swift; sourceTree = "<group>"; };
		CC42FC2F210B5E8800E80907 /* Payments.json */ = {isa = PBXFileReference; lastKnownFileType = text.json; path = Payments.json; sourceTree = "<group>"; };
		CC42FC31210F155700E80907 /* TopHighlights.json */ = {isa = PBXFileReference; lastKnownFileType = text.json; path = TopHighlights.json; sourceTree = "<group>"; };
		CC42FC33210F1CA300E80907 /* TopHighlight.swift */ = {isa = PBXFileReference; lastKnownFileType = sourcecode.swift; path = TopHighlight.swift; sourceTree = "<group>"; };
		CC42FC35210F56F100E80907 /* TopHighlightView.xib */ = {isa = PBXFileReference; lastKnownFileType = file.xib; path = TopHighlightView.xib; sourceTree = "<group>"; };
		CC42FC37210F570800E80907 /* TopHighlightView.swift */ = {isa = PBXFileReference; lastKnownFileType = sourcecode.swift; path = TopHighlightView.swift; sourceTree = "<group>"; };
		CC42FC3B2110546400E80907 /* DashboardMedia.xcassets */ = {isa = PBXFileReference; lastKnownFileType = folder.assetcatalog; path = DashboardMedia.xcassets; sourceTree = "<group>"; };
		CC42FC3D211066EB00E80907 /* TopHighlightViewModel.swift */ = {isa = PBXFileReference; lastKnownFileType = sourcecode.swift; path = TopHighlightViewModel.swift; sourceTree = "<group>"; };
		CC42FC3F211079DC00E80907 /* TopHighlightsSectionView.swift */ = {isa = PBXFileReference; lastKnownFileType = sourcecode.swift; path = TopHighlightsSectionView.swift; sourceTree = "<group>"; };
		CC42FC4121108EC800E80907 /* UIViewExtensions.swift */ = {isa = PBXFileReference; lastKnownFileType = sourcecode.swift; path = UIViewExtensions.swift; sourceTree = "<group>"; };
		CC42FC43211197DB00E80907 /* TopHighlightsSectionViewModel.swift */ = {isa = PBXFileReference; lastKnownFileType = sourcecode.swift; path = TopHighlightsSectionViewModel.swift; sourceTree = "<group>"; };
		CC42FC452112EC5B00E80907 /* DashboardPaymentViewModel.swift */ = {isa = PBXFileReference; lastKnownFileType = sourcecode.swift; path = DashboardPaymentViewModel.swift; sourceTree = "<group>"; };
		CC42FC472112FC2500E80907 /* DashboardPaymentCell.swift */ = {isa = PBXFileReference; lastKnownFileType = sourcecode.swift; path = DashboardPaymentCell.swift; sourceTree = "<group>"; };
		CC42FC4921144ECE00E80907 /* PaymentDetailViewController.swift */ = {isa = PBXFileReference; lastKnownFileType = sourcecode.swift; path = PaymentDetailViewController.swift; sourceTree = "<group>"; };
		CC42FC4E211845D200E80907 /* DashboardInteractorTests.swift */ = {isa = PBXFileReference; lastKnownFileType = sourcecode.swift; path = DashboardInteractorTests.swift; sourceTree = "<group>"; };
		CC42FC5021184B8E00E80907 /* DashboardModuleTests.swift */ = {isa = PBXFileReference; lastKnownFileType = sourcecode.swift; path = DashboardModuleTests.swift; sourceTree = "<group>"; };
		CC42FC5221184D1400E80907 /* DashboardPaymentTests.swift */ = {isa = PBXFileReference; lastKnownFileType = sourcecode.swift; path = DashboardPaymentTests.swift; sourceTree = "<group>"; };
		CC42FC5421184D8D00E80907 /* Full3Payments.json */ = {isa = PBXFileReference; lastKnownFileType = text.json; path = Full3Payments.json; sourceTree = "<group>"; };
		CC42FC5621184DDA00E80907 /* BadJsonPayment.json */ = {isa = PBXFileReference; lastKnownFileType = text.json; path = BadJsonPayment.json; sourceTree = "<group>"; };
		CC42FC5821184E3600E80907 /* IDMissingJsonPayment.json */ = {isa = PBXFileReference; lastKnownFileType = text.json; path = IDMissingJsonPayment.json; sourceTree = "<group>"; };
		CC42FC5A21185EC600E80907 /* TopHighlightTests.swift */ = {isa = PBXFileReference; lastKnownFileType = sourcecode.swift; path = TopHighlightTests.swift; sourceTree = "<group>"; };
		CC42FC5C21185F2900E80907 /* Full2TopHighlights.json */ = {isa = PBXFileReference; lastKnownFileType = text.json; path = Full2TopHighlights.json; sourceTree = "<group>"; };
		CC42FC5E21185F6000E80907 /* BadJsonTopHighlights.json */ = {isa = PBXFileReference; lastKnownFileType = text.json; path = BadJsonTopHighlights.json; sourceTree = "<group>"; };
		CC42FC6021185F9A00E80907 /* TypeMissingJsonTopHighlights.json */ = {isa = PBXFileReference; lastKnownFileType = text.json; path = TypeMissingJsonTopHighlights.json; sourceTree = "<group>"; };
		CC42FC632118695F00E80907 /* TopHighlightViewModelTests.swift */ = {isa = PBXFileReference; lastKnownFileType = sourcecode.swift; path = TopHighlightViewModelTests.swift; sourceTree = "<group>"; };
		CC42FC6521186E9B00E80907 /* TopHighlightsSectionViewModelTests.swift */ = {isa = PBXFileReference; lastKnownFileType = sourcecode.swift; path = TopHighlightsSectionViewModelTests.swift; sourceTree = "<group>"; };
		CC42FC67211885E500E80907 /* DashboardPaymentViewModelTests.swift */ = {isa = PBXFileReference; lastKnownFileType = sourcecode.swift; path = DashboardPaymentViewModelTests.swift; sourceTree = "<group>"; };
		CC42FC692118889300E80907 /* DashboardPresenterTests.swift */ = {isa = PBXFileReference; lastKnownFileType = sourcecode.swift; path = DashboardPresenterTests.swift; sourceTree = "<group>"; };
		CC42FC6B2118A35300E80907 /* DashboardViewControllerTests.swift */ = {isa = PBXFileReference; lastKnownFileType = sourcecode.swift; path = DashboardViewControllerTests.swift; sourceTree = "<group>"; };
		CC42FCA9211DB68200E80907 /* DashboardPaymentCell.xib */ = {isa = PBXFileReference; lastKnownFileType = file.xib; path = DashboardPaymentCell.xib; sourceTree = "<group>"; };
		CC42FCAC2121D55A00E80907 /* EventEmitter.swift */ = {isa = PBXFileReference; lastKnownFileType = sourcecode.swift; path = EventEmitter.swift; sourceTree = "<group>"; };
		CC42FCAE2121D88400E80907 /* DashboardEventEmitter.swift */ = {isa = PBXFileReference; lastKnownFileType = sourcecode.swift; path = DashboardEventEmitter.swift; sourceTree = "<group>"; };
		CC63FA4E2196F079009DC43E /* Pay.swift */ = {isa = PBXFileReference; lastKnownFileType = sourcecode.swift; path = Pay.swift; sourceTree = "<group>"; };
		CC63FA5021981B0F009DC43E /* Pay.json */ = {isa = PBXFileReference; lastKnownFileType = text.json; path = Pay.json; sourceTree = "<group>"; };
		CC858FC6213535B10047BE28 /* DashboardAnalytics.swift */ = {isa = PBXFileReference; lastKnownFileType = sourcecode.swift; path = DashboardAnalytics.swift; sourceTree = "<group>"; };
		CC90031221B5A2910066E770 /* Dashboard.swift */ = {isa = PBXFileReference; lastKnownFileType = sourcecode.swift; path = Dashboard.swift; sourceTree = "<group>"; };
		CC90031421B5A2B20066E770 /* Dashboard.json */ = {isa = PBXFileReference; lastKnownFileType = text.json; path = Dashboard.json; sourceTree = "<group>"; };
		CC90031721B5CF5C0066E770 /* LoginPresenter.swift */ = {isa = PBXFileReference; fileEncoding = 4; lastKnownFileType = sourcecode.swift; path = LoginPresenter.swift; sourceTree = "<group>"; };
		CC90031821B5CF5C0066E770 /* LoginViewController.swift */ = {isa = PBXFileReference; fileEncoding = 4; lastKnownFileType = sourcecode.swift; path = LoginViewController.swift; sourceTree = "<group>"; };
		CC90031921B5CF5C0066E770 /* LoginWireframe.swift */ = {isa = PBXFileReference; fileEncoding = 4; lastKnownFileType = sourcecode.swift; path = LoginWireframe.swift; sourceTree = "<group>"; };
		CC90031A21B5CF5C0066E770 /* LoginInteractor.swift */ = {isa = PBXFileReference; fileEncoding = 4; lastKnownFileType = sourcecode.swift; path = LoginInteractor.swift; sourceTree = "<group>"; };
		CC90031B21B5CF5C0066E770 /* LoginModule.swift */ = {isa = PBXFileReference; fileEncoding = 4; lastKnownFileType = sourcecode.swift; path = LoginModule.swift; sourceTree = "<group>"; };
		CC90032121B5D28A0066E770 /* LoginStoryboard.storyboard */ = {isa = PBXFileReference; fileEncoding = 4; lastKnownFileType = file.storyboard; path = LoginStoryboard.storyboard; sourceTree = "<group>"; };
		CC90032321B5E20A0066E770 /* RefundSentViewController.swift */ = {isa = PBXFileReference; lastKnownFileType = sourcecode.swift; path = RefundSentViewController.swift; sourceTree = "<group>"; };
		CC90032721B5EA8B0066E770 /* Dashboard2.json */ = {isa = PBXFileReference; lastKnownFileType = text.json; path = Dashboard2.json; sourceTree = "<group>"; };
/* End PBXFileReference section */

/* Begin PBXFrameworksBuildPhase section */
		3E5987692061879F0024F7F7 /* Frameworks */ = {
			isa = PBXFrameworksBuildPhase;
			buildActionMask = 2147483647;
			files = (
			);
			runOnlyForDeploymentPostprocessing = 0;
		};
		3E59877D2061879F0024F7F7 /* Frameworks */ = {
			isa = PBXFrameworksBuildPhase;
			buildActionMask = 2147483647;
			files = (
			);
			runOnlyForDeploymentPostprocessing = 0;
		};
		3E5987882061879F0024F7F7 /* Frameworks */ = {
			isa = PBXFrameworksBuildPhase;
			buildActionMask = 2147483647;
			files = (
			);
			runOnlyForDeploymentPostprocessing = 0;
		};
/* End PBXFrameworksBuildPhase section */

/* Begin PBXGroup section */
		3E3FE54120B36435000C3783 /* Storyboards */ = {
			isa = PBXGroup;
			children = (
				CC90032121B5D28A0066E770 /* LoginStoryboard.storyboard */,
				3E3FE57C20B433AB000C3783 /* PaymentsStoryboard.storyboard */,
				CC42FC1D210B07F500E80907 /* DashboardStoryboard.storyboard */,
			);
			path = Storyboards;
			sourceTree = "<group>";
		};
		3E3FE58020B44E1E000C3783 /* Payments */ = {
			isa = PBXGroup;
			children = (
				3E6F83E42068C5D3004AF262 /* PaymentsModule.swift */,
				3E3FE57E20B44DF2000C3783 /* PaymentsViewController.swift */,
				CC281D8A20E284D700CE2673 /* PaymentsInteractor.swift */,
				CC281D9220E524C300CE2673 /* PaymentsPresenter.swift */,
				CC281D9E20E6428400CE2673 /* PaymentsWireframe.swift */,
				CC90032321B5E20A0066E770 /* RefundSentViewController.swift */,
			);
			path = Payments;
			sourceTree = "<group>";
		};
		3E5987632061879F0024F7F7 = {
			isa = PBXGroup;
			children = (
				3E59876E2061879F0024F7F7 /* DynamicDataDrivenApp */,
				3E5987832061879F0024F7F7 /* DynamicDataDrivenAppTests */,
				3E59878E2061879F0024F7F7 /* DynamicDataDrivenAppUITests */,
				3E59876D2061879F0024F7F7 /* Products */,
			);
			sourceTree = "<group>";
		};
		3E59876D2061879F0024F7F7 /* Products */ = {
			isa = PBXGroup;
			children = (
				3E59876C2061879F0024F7F7 /* DynamicDataDrivenApp.app */,
				3E5987802061879F0024F7F7 /* DynamicDataDrivenAppTests.xctest */,
				3E59878B2061879F0024F7F7 /* DynamicDataDrivenAppUITests.xctest */,
			);
			name = Products;
			sourceTree = "<group>";
		};
		3E59876E2061879F0024F7F7 /* DynamicDataDrivenApp */ = {
			isa = PBXGroup;
			children = (
				CC42FCAB2121D52D00E80907 /* Events */,
				3E3FE54120B36435000C3783 /* Storyboards */,
				3E6F83DF20657527004AF262 /* Helpers */,
				3E5987A620618A290024F7F7 /* Modules */,
				CC63FA4B2196EF56009DC43E /* Application Services */,
				3E5987A3206188700024F7F7 /* Routing */,
				3E59876F2061879F0024F7F7 /* AppDelegate.swift */,
				3E5987712061879F0024F7F7 /* ViewController.swift */,
				3E5987732061879F0024F7F7 /* Main.storyboard */,
				3E5987762061879F0024F7F7 /* Assets.xcassets */,
				3E5987782061879F0024F7F7 /* LaunchScreen.storyboard */,
				3E59877B2061879F0024F7F7 /* Info.plist */,
				3E6F83E6206958F7004AF262 /* NetworkService.swift */,
			);
			path = DynamicDataDrivenApp;
			sourceTree = "<group>";
		};
		3E5987832061879F0024F7F7 /* DynamicDataDrivenAppTests */ = {
			isa = PBXGroup;
			children = (
				CC3CD3CC21A3EB1000C582D7 /* ApplicationServices */,
				CC42FC4B211845A300E80907 /* Modules */,
				3E5987842061879F0024F7F7 /* APIClientArchitectureDemoTests.swift */,
				3E5987862061879F0024F7F7 /* Info.plist */,
			);
			path = DynamicDataDrivenAppTests;
			sourceTree = "<group>";
		};
		3E59878E2061879F0024F7F7 /* DynamicDataDrivenAppUITests */ = {
			isa = PBXGroup;
			children = (
				3E59878F2061879F0024F7F7 /* APIClientArchitectureDemoUITests.swift */,
				3E5987912061879F0024F7F7 /* Info.plist */,
			);
			path = DynamicDataDrivenAppUITests;
			sourceTree = "<group>";
		};
		3E5987A3206188700024F7F7 /* Routing */ = {
			isa = PBXGroup;
			children = (
				3E5987A42061889B0024F7F7 /* Module.swift */,
				3E3FE53A20A9BADC000C3783 /* ApplicationRouter.swift */,
				3E3FE53F20B00CAA000C3783 /* WireframeType.swift */,
				CC281D9020E4C9CF00CE2673 /* ApplicationServices.swift */,
			);
			path = Routing;
			sourceTree = "<group>";
		};
		3E5987A620618A290024F7F7 /* Modules */ = {
			isa = PBXGroup;
			children = (
				CC90031621B5CBB40066E770 /* Login */,
				CC42FC1C210B07A800E80907 /* Dashboard */,
				3E3FE58020B44E1E000C3783 /* Payments */,
			);
			path = Modules;
			sourceTree = "<group>";
		};
		3E6F83DF20657527004AF262 /* Helpers */ = {
			isa = PBXGroup;
			children = (
				3E6F83E22066AA6E004AF262 /* Bundle.swift */,
				3E6F83E02065756F004AF262 /* URLExtensions.swift */,
				3E3FE58220B45399000C3783 /* VCExtensions.swift */,
				CC281D8E20E3935C00CE2673 /* WeakContainer.swift */,
				CC42FC4121108EC800E80907 /* UIViewExtensions.swift */,
			);
			path = Helpers;
			sourceTree = "<group>";
		};
		CC3CD3CC21A3EB1000C582D7 /* ApplicationServices */ = {
			isa = PBXGroup;
			children = (
				CC3CD3D121A4510E00C582D7 /* MockPayUseCase.json */,
				CC3CD3CD21A3EB5100C582D7 /* ApplicationServiceParserTests.swift */,
				CC3CD3CF21A44E3A00C582D7 /* ApplicationServiceTests.swift */,
			);
			path = ApplicationServices;
			sourceTree = "<group>";
		};
		CC42FC1C210B07A800E80907 /* Dashboard */ = {
			isa = PBXGroup;
			children = (
				CC42FC1F210B11DA00E80907 /* DashboardModule.swift */,
				CC42FCAE2121D88400E80907 /* DashboardEventEmitter.swift */,
				CC42FC3A2110543A00E80907 /* Entity */,
				CC42FC392110542500E80907 /* Presentation */,
			);
			path = Dashboard;
			sourceTree = "<group>";
		};
		CC42FC392110542500E80907 /* Presentation */ = {
			isa = PBXGroup;
			children = (
				CC42FC21210B11ED00E80907 /* DashboardViewController.swift */,
				CC42FC23210B123500E80907 /* LastPaymentsViewController.swift */,
				CC42FC25210B12B800E80907 /* DashboardPresenter.swift */,
				CC42FC27210B13A500E80907 /* DashboardWireframe.swift */,
				CC42FC35210F56F100E80907 /* TopHighlightView.xib */,
				CC42FC37210F570800E80907 /* TopHighlightView.swift */,
				CC42FC3B2110546400E80907 /* DashboardMedia.xcassets */,
				CC42FC3F211079DC00E80907 /* TopHighlightsSectionView.swift */,
				CC42FC3D211066EB00E80907 /* TopHighlightViewModel.swift */,
				CC42FC43211197DB00E80907 /* TopHighlightsSectionViewModel.swift */,
				CC42FC452112EC5B00E80907 /* DashboardPaymentViewModel.swift */,
				CC42FC472112FC2500E80907 /* DashboardPaymentCell.swift */,
				CC42FC4921144ECE00E80907 /* PaymentDetailViewController.swift */,
				CC42FCA9211DB68200E80907 /* DashboardPaymentCell.xib */,
			);
			path = Presentation;
			sourceTree = "<group>";
		};
		CC42FC3A2110543A00E80907 /* Entity */ = {
			isa = PBXGroup;
			children = (
				CC42FC29210B15E300E80907 /* DashboardInteractor.swift */,
				CC42FC2D210B5DA300E80907 /* DashboardPayment.swift */,
				CC42FC33210F1CA300E80907 /* TopHighlight.swift */,
				CC42FC2F210B5E8800E80907 /* Payments.json */,
				CC42FC31210F155700E80907 /* TopHighlights.json */,
				CC858FC6213535B10047BE28 /* DashboardAnalytics.swift */,
			);
			path = Entity;
			sourceTree = "<group>";
		};
		CC42FC4B211845A300E80907 /* Modules */ = {
			isa = PBXGroup;
			children = (
				CC42FC4C211845AB00E80907 /* Dashboard */,
			);
			path = Modules;
			sourceTree = "<group>";
		};
		CC42FC4C211845AB00E80907 /* Dashboard */ = {
			isa = PBXGroup;
			children = (
				CC42FC62211861AE00E80907 /* Presentation */,
				CC42FC4D211845B200E80907 /* Entity */,
				CC42FC5021184B8E00E80907 /* DashboardModuleTests.swift */,
			);
			path = Dashboard;
			sourceTree = "<group>";
		};
		CC42FC4D211845B200E80907 /* Entity */ = {
			isa = PBXGroup;
			children = (
				CC42FC4E211845D200E80907 /* DashboardInteractorTests.swift */,
				CC42FC5221184D1400E80907 /* DashboardPaymentTests.swift */,
				CC42FC5A21185EC600E80907 /* TopHighlightTests.swift */,
				CC42FC5421184D8D00E80907 /* Full3Payments.json */,
				CC42FC5621184DDA00E80907 /* BadJsonPayment.json */,
				CC42FC5821184E3600E80907 /* IDMissingJsonPayment.json */,
				CC42FC5C21185F2900E80907 /* Full2TopHighlights.json */,
				CC42FC5E21185F6000E80907 /* BadJsonTopHighlights.json */,
				CC42FC6021185F9A00E80907 /* TypeMissingJsonTopHighlights.json */,
			);
			path = Entity;
			sourceTree = "<group>";
		};
		CC42FC62211861AE00E80907 /* Presentation */ = {
			isa = PBXGroup;
			children = (
				CC42FC632118695F00E80907 /* TopHighlightViewModelTests.swift */,
				CC42FC6521186E9B00E80907 /* TopHighlightsSectionViewModelTests.swift */,
				CC42FC67211885E500E80907 /* DashboardPaymentViewModelTests.swift */,
				CC42FC692118889300E80907 /* DashboardPresenterTests.swift */,
				CC42FC6B2118A35300E80907 /* DashboardViewControllerTests.swift */,
			);
			path = Presentation;
			sourceTree = "<group>";
		};
		CC42FCAB2121D52D00E80907 /* Events */ = {
			isa = PBXGroup;
			children = (
				CC42FCAC2121D55A00E80907 /* EventEmitter.swift */,
			);
			path = Events;
			sourceTree = "<group>";
		};
		CC63FA4B2196EF56009DC43E /* Application Services */ = {
			isa = PBXGroup;
			children = (
				CC90031121B5A1C80066E770 /* Dashboard */,
				CC63FA4D2196F001009DC43E /* Pay */,
			);
			path = "Application Services";
			sourceTree = "<group>";
		};
		CC63FA4D2196F001009DC43E /* Pay */ = {
			isa = PBXGroup;
			children = (
				CC63FA4E2196F079009DC43E /* Pay.swift */,
				CC63FA5021981B0F009DC43E /* Pay.json */,
			);
			path = Pay;
			sourceTree = "<group>";
		};
		CC90031121B5A1C80066E770 /* Dashboard */ = {
			isa = PBXGroup;
			children = (
				CC90031221B5A2910066E770 /* Dashboard.swift */,
				CC90031421B5A2B20066E770 /* Dashboard.json */,
				CC90032721B5EA8B0066E770 /* Dashboard2.json */,
			);
			path = Dashboard;
			sourceTree = "<group>";
		};
		CC90031621B5CBB40066E770 /* Login */ = {
			isa = PBXGroup;
			children = (
				CC90031A21B5CF5C0066E770 /* LoginInteractor.swift */,
				CC90031B21B5CF5C0066E770 /* LoginModule.swift */,
				CC90031721B5CF5C0066E770 /* LoginPresenter.swift */,
				CC90031821B5CF5C0066E770 /* LoginViewController.swift */,
				CC90031921B5CF5C0066E770 /* LoginWireframe.swift */,
			);
			path = Login;
			sourceTree = "<group>";
		};
/* End PBXGroup section */

/* Begin PBXNativeTarget section */
		3E59876B2061879F0024F7F7 /* DynamicDataDrivenApp */ = {
			isa = PBXNativeTarget;
			buildConfigurationList = 3E5987942061879F0024F7F7 /* Build configuration list for PBXNativeTarget "DynamicDataDrivenApp" */;
			buildPhases = (
				3E5987682061879F0024F7F7 /* Sources */,
				3E5987692061879F0024F7F7 /* Frameworks */,
				3E59876A2061879F0024F7F7 /* Resources */,
			);
			buildRules = (
			);
			dependencies = (
			);
			name = DynamicDataDrivenApp;
			productName = APIClientArchitectureDemo;
			productReference = 3E59876C2061879F0024F7F7 /* DynamicDataDrivenApp.app */;
			productType = "com.apple.product-type.application";
		};
		3E59877F2061879F0024F7F7 /* DynamicDataDrivenAppTests */ = {
			isa = PBXNativeTarget;
			buildConfigurationList = 3E5987972061879F0024F7F7 /* Build configuration list for PBXNativeTarget "DynamicDataDrivenAppTests" */;
			buildPhases = (
				3E59877C2061879F0024F7F7 /* Sources */,
				3E59877D2061879F0024F7F7 /* Frameworks */,
				3E59877E2061879F0024F7F7 /* Resources */,
			);
			buildRules = (
			);
			dependencies = (
				3E5987822061879F0024F7F7 /* PBXTargetDependency */,
			);
			name = DynamicDataDrivenAppTests;
			productName = APIClientArchitectureDemoTests;
			productReference = 3E5987802061879F0024F7F7 /* DynamicDataDrivenAppTests.xctest */;
			productType = "com.apple.product-type.bundle.unit-test";
		};
		3E59878A2061879F0024F7F7 /* DynamicDataDrivenAppUITests */ = {
			isa = PBXNativeTarget;
			buildConfigurationList = 3E59879A2061879F0024F7F7 /* Build configuration list for PBXNativeTarget "DynamicDataDrivenAppUITests" */;
			buildPhases = (
				3E5987872061879F0024F7F7 /* Sources */,
				3E5987882061879F0024F7F7 /* Frameworks */,
				3E5987892061879F0024F7F7 /* Resources */,
			);
			buildRules = (
			);
			dependencies = (
				3E59878D2061879F0024F7F7 /* PBXTargetDependency */,
			);
			name = DynamicDataDrivenAppUITests;
			productName = APIClientArchitectureDemoUITests;
			productReference = 3E59878B2061879F0024F7F7 /* DynamicDataDrivenAppUITests.xctest */;
			productType = "com.apple.product-type.bundle.ui-testing";
		};
/* End PBXNativeTarget section */

/* Begin PBXProject section */
		3E5987642061879F0024F7F7 /* Project object */ = {
			isa = PBXProject;
			attributes = {
				LastSwiftUpdateCheck = 0920;
				LastUpgradeCheck = 0930;
				ORGANIZATIONNAME = "Mladen Despotovic";
				TargetAttributes = {
					3E59876B2061879F0024F7F7 = {
						CreatedOnToolsVersion = 9.2;
						LastSwiftMigration = 1000;
						ProvisioningStyle = Automatic;
					};
					3E59877F2061879F0024F7F7 = {
						CreatedOnToolsVersion = 9.2;
						LastSwiftMigration = 1000;
						ProvisioningStyle = Automatic;
						TestTargetID = 3E59876B2061879F0024F7F7;
					};
					3E59878A2061879F0024F7F7 = {
						CreatedOnToolsVersion = 9.2;
						LastSwiftMigration = 1000;
						ProvisioningStyle = Automatic;
						TestTargetID = 3E59876B2061879F0024F7F7;
					};
				};
			};
			buildConfigurationList = 3E5987672061879F0024F7F7 /* Build configuration list for PBXProject "DynamicDataDrivenApp" */;
			compatibilityVersion = "Xcode 8.0";
			developmentRegion = en;
			hasScannedForEncodings = 0;
			knownRegions = (
				en,
				Base,
			);
			mainGroup = 3E5987632061879F0024F7F7;
			productRefGroup = 3E59876D2061879F0024F7F7 /* Products */;
			projectDirPath = "";
			projectRoot = "";
			targets = (
				3E59876B2061879F0024F7F7 /* DynamicDataDrivenApp */,
				3E59877F2061879F0024F7F7 /* DynamicDataDrivenAppTests */,
				3E59878A2061879F0024F7F7 /* DynamicDataDrivenAppUITests */,
			);
		};
/* End PBXProject section */

/* Begin PBXResourcesBuildPhase section */
		3E59876A2061879F0024F7F7 /* Resources */ = {
			isa = PBXResourcesBuildPhase;
			buildActionMask = 2147483647;
			files = (
				CC63FA5121981B0F009DC43E /* Pay.json in Resources */,
				CC42FC1E210B07F500E80907 /* DashboardStoryboard.storyboard in Resources */,
				3E59877A2061879F0024F7F7 /* LaunchScreen.storyboard in Resources */,
				3E5987772061879F0024F7F7 /* Assets.xcassets in Resources */,
				CC42FC3C2110546400E80907 /* DashboardMedia.xcassets in Resources */,
				CC42FC36210F56F100E80907 /* TopHighlightView.xib in Resources */,
				CC90031521B5A2B20066E770 /* Dashboard.json in Resources */,
				CC90032821B5EA8B0066E770 /* Dashboard2.json in Resources */,
				CC90032221B5D28A0066E770 /* LoginStoryboard.storyboard in Resources */,
				3E3FE57D20B433AB000C3783 /* PaymentsStoryboard.storyboard in Resources */,
				CC42FC30210B5E8800E80907 /* Payments.json in Resources */,
				CC42FCAA211DB68200E80907 /* DashboardPaymentCell.xib in Resources */,
				CC42FC32210F155700E80907 /* TopHighlights.json in Resources */,
				3E5987752061879F0024F7F7 /* Main.storyboard in Resources */,
			);
			runOnlyForDeploymentPostprocessing = 0;
		};
		3E59877E2061879F0024F7F7 /* Resources */ = {
			isa = PBXResourcesBuildPhase;
			buildActionMask = 2147483647;
			files = (
				CC42FC5F21185F6000E80907 /* BadJsonTopHighlights.json in Resources */,
				CC42FC5721184DDA00E80907 /* BadJsonPayment.json in Resources */,
				CC3CD3D221A4510E00C582D7 /* MockPayUseCase.json in Resources */,
				CC42FC5521184D8D00E80907 /* Full3Payments.json in Resources */,
				CC42FC6121185F9A00E80907 /* TypeMissingJsonTopHighlights.json in Resources */,
				CC42FC5D21185F2900E80907 /* Full2TopHighlights.json in Resources */,
				CC42FC5921184E3600E80907 /* IDMissingJsonPayment.json in Resources */,
			);
			runOnlyForDeploymentPostprocessing = 0;
		};
		3E5987892061879F0024F7F7 /* Resources */ = {
			isa = PBXResourcesBuildPhase;
			buildActionMask = 2147483647;
			files = (
			);
			runOnlyForDeploymentPostprocessing = 0;
		};
/* End PBXResourcesBuildPhase section */

/* Begin PBXSourcesBuildPhase section */
		3E5987682061879F0024F7F7 /* Sources */ = {
			isa = PBXSourcesBuildPhase;
			buildActionMask = 2147483647;
			files = (
				3E5987A52061889B0024F7F7 /* Module.swift in Sources */,
				CC42FC22210B11ED00E80907 /* DashboardViewController.swift in Sources */,
				3E3FE53B20A9BADC000C3783 /* ApplicationRouter.swift in Sources */,
				3E6F83E32066AA6E004AF262 /* Bundle.swift in Sources */,
				CC90031C21B5CF5C0066E770 /* LoginPresenter.swift in Sources */,
				CC42FC4A21144ECE00E80907 /* PaymentDetailViewController.swift in Sources */,
				CC42FC28210B13A500E80907 /* DashboardWireframe.swift in Sources */,
				3E3FE58320B45399000C3783 /* VCExtensions.swift in Sources */,
				3E3FE57F20B44DF2000C3783 /* PaymentsViewController.swift in Sources */,
				CC42FC482112FC2500E80907 /* DashboardPaymentCell.swift in Sources */,
				CC42FC2A210B15E300E80907 /* DashboardInteractor.swift in Sources */,
				CC42FC24210B123500E80907 /* LastPaymentsViewController.swift in Sources */,
				CC90031F21B5CF5C0066E770 /* LoginInteractor.swift in Sources */,
				CC42FC462112EC5B00E80907 /* DashboardPaymentViewModel.swift in Sources */,
				3E6F83E7206958F7004AF262 /* NetworkService.swift in Sources */,
				CC42FC20210B11DA00E80907 /* DashboardModule.swift in Sources */,
				CC90031321B5A2910066E770 /* Dashboard.swift in Sources */,
				CC90032021B5CF5C0066E770 /* LoginModule.swift in Sources */,
				3E5987722061879F0024F7F7 /* ViewController.swift in Sources */,
				CC281D8B20E284D700CE2673 /* PaymentsInteractor.swift in Sources */,
				CC90031E21B5CF5C0066E770 /* LoginWireframe.swift in Sources */,
				CC42FC2E210B5DA300E80907 /* DashboardPayment.swift in Sources */,
				CC42FC26210B12B800E80907 /* DashboardPresenter.swift in Sources */,
				CC42FC44211197DB00E80907 /* TopHighlightsSectionViewModel.swift in Sources */,
				3E3FE54020B00CAA000C3783 /* WireframeType.swift in Sources */,
				CC42FC40211079DC00E80907 /* TopHighlightsSectionView.swift in Sources */,
				CC281D9320E524C300CE2673 /* PaymentsPresenter.swift in Sources */,
				CC90031D21B5CF5C0066E770 /* LoginViewController.swift in Sources */,
				3E6F83E12065756F004AF262 /* URLExtensions.swift in Sources */,
				CC281D8F20E3935C00CE2673 /* WeakContainer.swift in Sources */,
				CC281D9120E4C9CF00CE2673 /* ApplicationServices.swift in Sources */,
				CC42FCAD2121D55A00E80907 /* EventEmitter.swift in Sources */,
				3E5987702061879F0024F7F7 /* AppDelegate.swift in Sources */,
				CC42FC4221108EC800E80907 /* UIViewExtensions.swift in Sources */,
				CC281D9F20E6428400CE2673 /* PaymentsWireframe.swift in Sources */,
				CC90032421B5E20A0066E770 /* RefundSentViewController.swift in Sources */,
				CC42FC34210F1CA300E80907 /* TopHighlight.swift in Sources */,
				CC63FA4F2196F079009DC43E /* Pay.swift in Sources */,
				3E6F83E52068C5D3004AF262 /* PaymentsModule.swift in Sources */,
				CC42FC38210F570800E80907 /* TopHighlightView.swift in Sources */,
				CC42FCAF2121D88400E80907 /* DashboardEventEmitter.swift in Sources */,
				CC858FC7213535B10047BE28 /* DashboardAnalytics.swift in Sources */,
				CC42FC3E211066EB00E80907 /* TopHighlightViewModel.swift in Sources */,
			);
			runOnlyForDeploymentPostprocessing = 0;
		};
		3E59877C2061879F0024F7F7 /* Sources */ = {
			isa = PBXSourcesBuildPhase;
			buildActionMask = 2147483647;
			files = (
				CC3CD3D021A44E3A00C582D7 /* ApplicationServiceTests.swift in Sources */,
				CC42FC642118695F00E80907 /* TopHighlightViewModelTests.swift in Sources */,
				CC42FC6621186E9B00E80907 /* TopHighlightsSectionViewModelTests.swift in Sources */,
				CC42FC5121184B8E00E80907 /* DashboardModuleTests.swift in Sources */,
				CC3CD3CE21A3EB5100C582D7 /* ApplicationServiceParserTests.swift in Sources */,
				CC42FC5B21185EC600E80907 /* TopHighlightTests.swift in Sources */,
				CC42FC68211885E500E80907 /* DashboardPaymentViewModelTests.swift in Sources */,
				3E5987852061879F0024F7F7 /* APIClientArchitectureDemoTests.swift in Sources */,
				CC42FC4F211845D200E80907 /* DashboardInteractorTests.swift in Sources */,
				CC42FC6C2118A35300E80907 /* DashboardViewControllerTests.swift in Sources */,
				CC42FC6A2118889300E80907 /* DashboardPresenterTests.swift in Sources */,
				CC42FC5321184D1400E80907 /* DashboardPaymentTests.swift in Sources */,
			);
			runOnlyForDeploymentPostprocessing = 0;
		};
		3E5987872061879F0024F7F7 /* Sources */ = {
			isa = PBXSourcesBuildPhase;
			buildActionMask = 2147483647;
			files = (
				3E5987902061879F0024F7F7 /* APIClientArchitectureDemoUITests.swift in Sources */,
			);
			runOnlyForDeploymentPostprocessing = 0;
		};
/* End PBXSourcesBuildPhase section */

/* Begin PBXTargetDependency section */
		3E5987822061879F0024F7F7 /* PBXTargetDependency */ = {
			isa = PBXTargetDependency;
			target = 3E59876B2061879F0024F7F7 /* DynamicDataDrivenApp */;
			targetProxy = 3E5987812061879F0024F7F7 /* PBXContainerItemProxy */;
		};
		3E59878D2061879F0024F7F7 /* PBXTargetDependency */ = {
			isa = PBXTargetDependency;
			target = 3E59876B2061879F0024F7F7 /* DynamicDataDrivenApp */;
			targetProxy = 3E59878C2061879F0024F7F7 /* PBXContainerItemProxy */;
		};
/* End PBXTargetDependency section */

/* Begin PBXVariantGroup section */
		3E5987732061879F0024F7F7 /* Main.storyboard */ = {
			isa = PBXVariantGroup;
			children = (
				3E5987742061879F0024F7F7 /* Base */,
			);
			name = Main.storyboard;
			sourceTree = "<group>";
		};
		3E5987782061879F0024F7F7 /* LaunchScreen.storyboard */ = {
			isa = PBXVariantGroup;
			children = (
				3E5987792061879F0024F7F7 /* Base */,
			);
			name = LaunchScreen.storyboard;
			sourceTree = "<group>";
		};
/* End PBXVariantGroup section */

/* Begin XCBuildConfiguration section */
		3E5987922061879F0024F7F7 /* Debug */ = {
			isa = XCBuildConfiguration;
			buildSettings = {
				ALWAYS_SEARCH_USER_PATHS = NO;
				CLANG_ANALYZER_NONNULL = YES;
				CLANG_ANALYZER_NUMBER_OBJECT_CONVERSION = YES_AGGRESSIVE;
				CLANG_CXX_LANGUAGE_STANDARD = "gnu++14";
				CLANG_CXX_LIBRARY = "libc++";
				CLANG_ENABLE_MODULES = YES;
				CLANG_ENABLE_OBJC_ARC = YES;
				CLANG_WARN_BLOCK_CAPTURE_AUTORELEASING = YES;
				CLANG_WARN_BOOL_CONVERSION = YES;
				CLANG_WARN_COMMA = YES;
				CLANG_WARN_CONSTANT_CONVERSION = YES;
				CLANG_WARN_DEPRECATED_OBJC_IMPLEMENTATIONS = YES;
				CLANG_WARN_DIRECT_OBJC_ISA_USAGE = YES_ERROR;
				CLANG_WARN_DOCUMENTATION_COMMENTS = YES;
				CLANG_WARN_EMPTY_BODY = YES;
				CLANG_WARN_ENUM_CONVERSION = YES;
				CLANG_WARN_INFINITE_RECURSION = YES;
				CLANG_WARN_INT_CONVERSION = YES;
				CLANG_WARN_NON_LITERAL_NULL_CONVERSION = YES;
				CLANG_WARN_OBJC_IMPLICIT_RETAIN_SELF = YES;
				CLANG_WARN_OBJC_LITERAL_CONVERSION = YES;
				CLANG_WARN_OBJC_ROOT_CLASS = YES_ERROR;
				CLANG_WARN_RANGE_LOOP_ANALYSIS = YES;
				CLANG_WARN_STRICT_PROTOTYPES = YES;
				CLANG_WARN_SUSPICIOUS_MOVE = YES;
				CLANG_WARN_UNGUARDED_AVAILABILITY = YES_AGGRESSIVE;
				CLANG_WARN_UNREACHABLE_CODE = YES;
				CLANG_WARN__DUPLICATE_METHOD_MATCH = YES;
				CODE_SIGN_IDENTITY = "iPhone Developer";
				COPY_PHASE_STRIP = NO;
				DEBUG_INFORMATION_FORMAT = dwarf;
				ENABLE_STRICT_OBJC_MSGSEND = YES;
				ENABLE_TESTABILITY = YES;
				GCC_C_LANGUAGE_STANDARD = gnu11;
				GCC_DYNAMIC_NO_PIC = NO;
				GCC_NO_COMMON_BLOCKS = YES;
				GCC_OPTIMIZATION_LEVEL = 0;
				GCC_PREPROCESSOR_DEFINITIONS = (
					"DEBUG=1",
					"$(inherited)",
				);
				GCC_WARN_64_TO_32_BIT_CONVERSION = YES;
				GCC_WARN_ABOUT_RETURN_TYPE = YES_ERROR;
				GCC_WARN_UNDECLARED_SELECTOR = YES;
				GCC_WARN_UNINITIALIZED_AUTOS = YES_AGGRESSIVE;
				GCC_WARN_UNUSED_FUNCTION = YES;
				GCC_WARN_UNUSED_VARIABLE = YES;
				IPHONEOS_DEPLOYMENT_TARGET = 11.2;
				MTL_ENABLE_DEBUG_INFO = YES;
				ONLY_ACTIVE_ARCH = YES;
				SDKROOT = iphoneos;
				SWIFT_ACTIVE_COMPILATION_CONDITIONS = DEBUG;
				SWIFT_OPTIMIZATION_LEVEL = "-Onone";
			};
			name = Debug;
		};
		3E5987932061879F0024F7F7 /* Release */ = {
			isa = XCBuildConfiguration;
			buildSettings = {
				ALWAYS_SEARCH_USER_PATHS = NO;
				CLANG_ANALYZER_NONNULL = YES;
				CLANG_ANALYZER_NUMBER_OBJECT_CONVERSION = YES_AGGRESSIVE;
				CLANG_CXX_LANGUAGE_STANDARD = "gnu++14";
				CLANG_CXX_LIBRARY = "libc++";
				CLANG_ENABLE_MODULES = YES;
				CLANG_ENABLE_OBJC_ARC = YES;
				CLANG_WARN_BLOCK_CAPTURE_AUTORELEASING = YES;
				CLANG_WARN_BOOL_CONVERSION = YES;
				CLANG_WARN_COMMA = YES;
				CLANG_WARN_CONSTANT_CONVERSION = YES;
				CLANG_WARN_DEPRECATED_OBJC_IMPLEMENTATIONS = YES;
				CLANG_WARN_DIRECT_OBJC_ISA_USAGE = YES_ERROR;
				CLANG_WARN_DOCUMENTATION_COMMENTS = YES;
				CLANG_WARN_EMPTY_BODY = YES;
				CLANG_WARN_ENUM_CONVERSION = YES;
				CLANG_WARN_INFINITE_RECURSION = YES;
				CLANG_WARN_INT_CONVERSION = YES;
				CLANG_WARN_NON_LITERAL_NULL_CONVERSION = YES;
				CLANG_WARN_OBJC_IMPLICIT_RETAIN_SELF = YES;
				CLANG_WARN_OBJC_LITERAL_CONVERSION = YES;
				CLANG_WARN_OBJC_ROOT_CLASS = YES_ERROR;
				CLANG_WARN_RANGE_LOOP_ANALYSIS = YES;
				CLANG_WARN_STRICT_PROTOTYPES = YES;
				CLANG_WARN_SUSPICIOUS_MOVE = YES;
				CLANG_WARN_UNGUARDED_AVAILABILITY = YES_AGGRESSIVE;
				CLANG_WARN_UNREACHABLE_CODE = YES;
				CLANG_WARN__DUPLICATE_METHOD_MATCH = YES;
				CODE_SIGN_IDENTITY = "iPhone Developer";
				COPY_PHASE_STRIP = NO;
				DEBUG_INFORMATION_FORMAT = "dwarf-with-dsym";
				ENABLE_NS_ASSERTIONS = NO;
				ENABLE_STRICT_OBJC_MSGSEND = YES;
				GCC_C_LANGUAGE_STANDARD = gnu11;
				GCC_NO_COMMON_BLOCKS = YES;
				GCC_WARN_64_TO_32_BIT_CONVERSION = YES;
				GCC_WARN_ABOUT_RETURN_TYPE = YES_ERROR;
				GCC_WARN_UNDECLARED_SELECTOR = YES;
				GCC_WARN_UNINITIALIZED_AUTOS = YES_AGGRESSIVE;
				GCC_WARN_UNUSED_FUNCTION = YES;
				GCC_WARN_UNUSED_VARIABLE = YES;
				IPHONEOS_DEPLOYMENT_TARGET = 11.2;
				MTL_ENABLE_DEBUG_INFO = NO;
				SDKROOT = iphoneos;
				SWIFT_OPTIMIZATION_LEVEL = "-Owholemodule";
				VALIDATE_PRODUCT = YES;
			};
			name = Release;
		};
		3E5987952061879F0024F7F7 /* Debug */ = {
			isa = XCBuildConfiguration;
			buildSettings = {
				ASSETCATALOG_COMPILER_APPICON_NAME = AppIcon;
				CODE_SIGN_STYLE = Automatic;
				DEVELOPMENT_TEAM = JP9LNGT4C2;
				INFOPLIST_FILE = "$(SRCROOT)/DynamicDataDrivenApp/Info.plist";
				LD_RUNPATH_SEARCH_PATHS = "$(inherited) @executable_path/Frameworks";
				PRODUCT_BUNDLE_IDENTIFIER = mdc.DynamicDataDrivenApp;
				PRODUCT_NAME = "$(TARGET_NAME)";
				SWIFT_VERSION = 4.2;
				TARGETED_DEVICE_FAMILY = "1,2";
			};
			name = Debug;
		};
		3E5987962061879F0024F7F7 /* Release */ = {
			isa = XCBuildConfiguration;
			buildSettings = {
				ASSETCATALOG_COMPILER_APPICON_NAME = AppIcon;
				CODE_SIGN_STYLE = Automatic;
				DEVELOPMENT_TEAM = JP9LNGT4C2;
				INFOPLIST_FILE = "$(SRCROOT)/DynamicDataDrivenApp/Info.plist";
				LD_RUNPATH_SEARCH_PATHS = "$(inherited) @executable_path/Frameworks";
				PRODUCT_BUNDLE_IDENTIFIER = mdc.DynamicDataDrivenApp;
				PRODUCT_NAME = "$(TARGET_NAME)";
				SWIFT_VERSION = 4.2;
				TARGETED_DEVICE_FAMILY = "1,2";
			};
			name = Release;
		};
		3E5987982061879F0024F7F7 /* Debug */ = {
			isa = XCBuildConfiguration;
			buildSettings = {
				ALWAYS_EMBED_SWIFT_STANDARD_LIBRARIES = YES;
				BUNDLE_LOADER = "$(TEST_HOST)";
				CODE_SIGN_STYLE = Automatic;
				DEVELOPMENT_TEAM = JP9LNGT4C2;
				INFOPLIST_FILE = DynamicDataDrivenAppTests/Info.plist;
				LD_RUNPATH_SEARCH_PATHS = "$(inherited) @executable_path/Frameworks @loader_path/Frameworks";
				PRODUCT_BUNDLE_IDENTIFIER = mdc.EventEmitterDemoTests;
				PRODUCT_NAME = "$(TARGET_NAME)";
				SWIFT_VERSION = 4.2;
				TARGETED_DEVICE_FAMILY = "1,2";
				TEST_HOST = "$(BUILT_PRODUCTS_DIR)/DynamicDataDrivenApp.app/DynamicDataDrivenApp";
			};
			name = Debug;
		};
		3E5987992061879F0024F7F7 /* Release */ = {
			isa = XCBuildConfiguration;
			buildSettings = {
				ALWAYS_EMBED_SWIFT_STANDARD_LIBRARIES = YES;
				BUNDLE_LOADER = "$(TEST_HOST)";
				CODE_SIGN_STYLE = Automatic;
				DEVELOPMENT_TEAM = JP9LNGT4C2;
				INFOPLIST_FILE = DynamicDataDrivenAppTests/Info.plist;
				LD_RUNPATH_SEARCH_PATHS = "$(inherited) @executable_path/Frameworks @loader_path/Frameworks";
				PRODUCT_BUNDLE_IDENTIFIER = mdc.EventEmitterDemoTests;
				PRODUCT_NAME = "$(TARGET_NAME)";
				SWIFT_VERSION = 4.2;
				TARGETED_DEVICE_FAMILY = "1,2";
				TEST_HOST = "$(BUILT_PRODUCTS_DIR)/DynamicDataDrivenApp.app/DynamicDataDrivenApp";
			};
			name = Release;
		};
		3E59879B2061879F0024F7F7 /* Debug */ = {
			isa = XCBuildConfiguration;
			buildSettings = {
				ALWAYS_EMBED_SWIFT_STANDARD_LIBRARIES = YES;
				CODE_SIGN_STYLE = Automatic;
				DEVELOPMENT_TEAM = JP9LNGT4C2;
				INFOPLIST_FILE = DynamicDataDrivenAppUITests/Info.plist;
				LD_RUNPATH_SEARCH_PATHS = "$(inherited) @executable_path/Frameworks @loader_path/Frameworks";
				PRODUCT_BUNDLE_IDENTIFIER = mdc.EventEmitterDemoUITests;
				PRODUCT_NAME = "$(TARGET_NAME)";
				SWIFT_VERSION = 4.2;
				TARGETED_DEVICE_FAMILY = "1,2";
				TEST_TARGET_NAME = EventEmitterDemo;
			};
			name = Debug;
		};
		3E59879C2061879F0024F7F7 /* Release */ = {
			isa = XCBuildConfiguration;
			buildSettings = {
				ALWAYS_EMBED_SWIFT_STANDARD_LIBRARIES = YES;
				CODE_SIGN_STYLE = Automatic;
				DEVELOPMENT_TEAM = JP9LNGT4C2;
				INFOPLIST_FILE = DynamicDataDrivenAppUITests/Info.plist;
				LD_RUNPATH_SEARCH_PATHS = "$(inherited) @executable_path/Frameworks @loader_path/Frameworks";
				PRODUCT_BUNDLE_IDENTIFIER = mdc.EventEmitterDemoUITests;
				PRODUCT_NAME = "$(TARGET_NAME)";
				SWIFT_VERSION = 4.2;
				TARGETED_DEVICE_FAMILY = "1,2";
				TEST_TARGET_NAME = EventEmitterDemo;
			};
			name = Release;
		};
/* End XCBuildConfiguration section */

/* Begin XCConfigurationList section */
		3E5987672061879F0024F7F7 /* Build configuration list for PBXProject "DynamicDataDrivenApp" */ = {
			isa = XCConfigurationList;
			buildConfigurations = (
				3E5987922061879F0024F7F7 /* Debug */,
				3E5987932061879F0024F7F7 /* Release */,
			);
			defaultConfigurationIsVisible = 0;
			defaultConfigurationName = Release;
		};
		3E5987942061879F0024F7F7 /* Build configuration list for PBXNativeTarget "DynamicDataDrivenApp" */ = {
			isa = XCConfigurationList;
			buildConfigurations = (
				3E5987952061879F0024F7F7 /* Debug */,
				3E5987962061879F0024F7F7 /* Release */,
			);
			defaultConfigurationIsVisible = 0;
			defaultConfigurationName = Release;
		};
		3E5987972061879F0024F7F7 /* Build configuration list for PBXNativeTarget "DynamicDataDrivenAppTests" */ = {
			isa = XCConfigurationList;
			buildConfigurations = (
				3E5987982061879F0024F7F7 /* Debug */,
				3E5987992061879F0024F7F7 /* Release */,
			);
			defaultConfigurationIsVisible = 0;
			defaultConfigurationName = Release;
		};
		3E59879A2061879F0024F7F7 /* Build configuration list for PBXNativeTarget "DynamicDataDrivenAppUITests" */ = {
			isa = XCConfigurationList;
			buildConfigurations = (
				3E59879B2061879F0024F7F7 /* Debug */,
				3E59879C2061879F0024F7F7 /* Release */,
			);
			defaultConfigurationIsVisible = 0;
			defaultConfigurationName = Release;
		};
/* End XCConfigurationList section */
	};
	rootObject = 3E5987642061879F0024F7F7 /* Project object */;
}
